{
  "name": "coffee-webui",
  "lockfileVersion": 3,
  "requires": true,
  "packages": {
    "": {
      "dependencies": {
        "htmx.org": "^2.0.7",
        "idiomorph": "^0.7.4",
        "tailwindcss": "^4.1.13"
      }
    },
    "node_modules/htmx.org": {
      "version": "2.0.7",
      "resolved": "https://registry.npmjs.org/htmx.org/-/htmx.org-2.0.7.tgz",
      "integrity": "sha512-YiJqF3U5KyO28VC5mPfehKJPF+n1Gni+cupK+D69TF0nm7wY6AXn3a4mPWIikfAXtl1u1F1+ZhSCS7KT8pVmqA==",
      "license": "0BSD"
    },
    "node_modules/idiomorph": {
      "version": "0.7.4",
      "resolved": "https://registry.npmjs.org/idiomorph/-/idiomorph-0.7.4.tgz",
      "integrity": "sha512-uCdSpLo3uMfqOmrwXTpR1k/sq4sSmKC7l4o/LdJOEU+MMMq+wkevRqOQYn3lP7vfz9Mv+USBEqPvi0XhdL9ENw==",
      "license": "0BSD"
    },
    "node_modules/tailwindcss": {
      "version": "4.1.13",
      "resolved": "https://registry.npmjs.org/tailwindcss/-/tailwindcss-4.1.13.tgz",
      "integrity": "sha512-i+zidfmTqtwquj4hMEwdjshYYgMbOrPzb9a0M3ZgNa0JMoZeFC6bxZvO8yr8ozS6ix2SDz0+mvryPeBs2TFE+w==",
      "license": "MIT"
    }
  }
}
